// !$*UTF8*$!
{
	archiveVersion = 1;
	classes = {
	};
	objectVersion = 55;
	objects = {

/* Begin PBXBuildFile section */
		6A246B422850B13200533E29 /* AppDelegate.swift in Sources */ = {isa = PBXBuildFile; fileRef = 6A246B412850B13200533E29 /* AppDelegate.swift */; };
		6A246B442850B13200533E29 /* SceneDelegate.swift in Sources */ = {isa = PBXBuildFile; fileRef = 6A246B432850B13200533E29 /* SceneDelegate.swift */; };
		6A246B462850B13200533E29 /* ViewController.swift in Sources */ = {isa = PBXBuildFile; fileRef = 6A246B452850B13200533E29 /* ViewController.swift */; };
		6A246B492850B13200533E29 /* Main.storyboard in Resources */ = {isa = PBXBuildFile; fileRef = 6A246B472850B13200533E29 /* Main.storyboard */; };
		6A246B4B2850B13A00533E29 /* Assets.xcassets in Resources */ = {isa = PBXBuildFile; fileRef = 6A246B4A2850B13A00533E29 /* Assets.xcassets */; };
		6A246B4E2850B13A00533E29 /* LaunchScreen.storyboard in Resources */ = {isa = PBXBuildFile; fileRef = 6A246B4C2850B13A00533E29 /* LaunchScreen.storyboard */; };
		6A8904AF2852F336008BEBB9 /* SwiftUIView.swift in Sources */ = {isa = PBXBuildFile; fileRef = 6A8904AE2852F336008BEBB9 /* SwiftUIView.swift */; };
		6A8904B1285300F3008BEBB9 /* ScannerViewModel.swift in Sources */ = {isa = PBXBuildFile; fileRef = 6A8904B0285300F3008BEBB9 /* ScannerViewModel.swift */; };
		6A8904B328530114008BEBB9 /* QrCodeCameraDelegate.swift in Sources */ = {isa = PBXBuildFile; fileRef = 6A8904B228530114008BEBB9 /* QrCodeCameraDelegate.swift */; };
		6A8904B52853012F008BEBB9 /* CameraPreview.swift in Sources */ = {isa = PBXBuildFile; fileRef = 6A8904B42853012F008BEBB9 /* CameraPreview.swift */; };
		6A8904B728530158008BEBB9 /* QrCodeScannerView.swift in Sources */ = {isa = PBXBuildFile; fileRef = 6A8904B628530158008BEBB9 /* QrCodeScannerView.swift */; };
		6A8904B9285301AC008BEBB9 /* SecondView.swift in Sources */ = {isa = PBXBuildFile; fileRef = 6A8904B8285301AC008BEBB9 /* SecondView.swift */; };
		6AE4E19A285207BE00D3CA4D /* DetailViewController.swift in Sources */ = {isa = PBXBuildFile; fileRef = 6AE4E199285207BE00D3CA4D /* DetailViewController.swift */; };
		E26ED63287D959F6CE41F9EF /* Pods_Pickup.framework in Frameworks */ = {isa = PBXBuildFile; fileRef = D0026AE6ABB8C99A73B5E6FF /* Pods_Pickup.framework */; };
/* End PBXBuildFile section */

/* Begin PBXFileReference section */
		3F3ABD18ECCDF62447C14CEC /* Pods-Pickup.debug.xcconfig */ = {isa = PBXFileReference; includeInIndex = 1; lastKnownFileType = text.xcconfig; name = "Pods-Pickup.debug.xcconfig"; path = "Target Support Files/Pods-Pickup/Pods-Pickup.debug.xcconfig"; sourceTree = "<group>"; };
		6A246B3E2850B13200533E29 /* Pickup.app */ = {isa = PBXFileReference; explicitFileType = wrapper.application; includeInIndex = 0; path = Pickup.app; sourceTree = BUILT_PRODUCTS_DIR; };
		6A246B412850B13200533E29 /* AppDelegate.swift */ = {isa = PBXFileReference; lastKnownFileType = sourcecode.swift; path = AppDelegate.swift; sourceTree = "<group>"; };
		6A246B432850B13200533E29 /* SceneDelegate.swift */ = {isa = PBXFileReference; lastKnownFileType = sourcecode.swift; path = SceneDelegate.swift; sourceTree = "<group>"; };
		6A246B452850B13200533E29 /* ViewController.swift */ = {isa = PBXFileReference; lastKnownFileType = sourcecode.swift; path = ViewController.swift; sourceTree = "<group>"; };
		6A246B482850B13200533E29 /* Base */ = {isa = PBXFileReference; lastKnownFileType = file.storyboard; name = Base; path = Base.lproj/Main.storyboard; sourceTree = "<group>"; };
		6A246B4A2850B13A00533E29 /* Assets.xcassets */ = {isa = PBXFileReference; lastKnownFileType = folder.assetcatalog; path = Assets.xcassets; sourceTree = "<group>"; };
		6A246B4D2850B13A00533E29 /* Base */ = {isa = PBXFileReference; lastKnownFileType = file.storyboard; name = Base; path = Base.lproj/LaunchScreen.storyboard; sourceTree = "<group>"; };
		6A246B4F2850B13A00533E29 /* Info.plist */ = {isa = PBXFileReference; lastKnownFileType = text.plist.xml; path = Info.plist; sourceTree = "<group>"; };
		6A8904AE2852F336008BEBB9 /* SwiftUIView.swift */ = {isa = PBXFileReference; lastKnownFileType = sourcecode.swift; path = SwiftUIView.swift; sourceTree = "<group>"; };
		6A8904B0285300F3008BEBB9 /* ScannerViewModel.swift */ = {isa = PBXFileReference; lastKnownFileType = sourcecode.swift; path = ScannerViewModel.swift; sourceTree = "<group>"; };
		6A8904B228530114008BEBB9 /* QrCodeCameraDelegate.swift */ = {isa = PBXFileReference; lastKnownFileType = sourcecode.swift; path = QrCodeCameraDelegate.swift; sourceTree = "<group>"; };
		6A8904B42853012F008BEBB9 /* CameraPreview.swift */ = {isa = PBXFileReference; lastKnownFileType = sourcecode.swift; path = CameraPreview.swift; sourceTree = "<group>"; };
		6A8904B628530158008BEBB9 /* QrCodeScannerView.swift */ = {isa = PBXFileReference; lastKnownFileType = sourcecode.swift; path = QrCodeScannerView.swift; sourceTree = "<group>"; };
		6A8904B8285301AC008BEBB9 /* SecondView.swift */ = {isa = PBXFileReference; lastKnownFileType = sourcecode.swift; path = SecondView.swift; sourceTree = "<group>"; };
		6AE4E199285207BE00D3CA4D /* DetailViewController.swift */ = {isa = PBXFileReference; lastKnownFileType = sourcecode.swift; path = DetailViewController.swift; sourceTree = "<group>"; };
		8B444E40EA2B062D7F476FC7 /* Pods-Pickup.release.xcconfig */ = {isa = PBXFileReference; includeInIndex = 1; lastKnownFileType = text.xcconfig; name = "Pods-Pickup.release.xcconfig"; path = "Target Support Files/Pods-Pickup/Pods-Pickup.release.xcconfig"; sourceTree = "<group>"; };
		D0026AE6ABB8C99A73B5E6FF /* Pods_Pickup.framework */ = {isa = PBXFileReference; explicitFileType = wrapper.framework; includeInIndex = 0; path = Pods_Pickup.framework; sourceTree = BUILT_PRODUCTS_DIR; };
/* End PBXFileReference section */

/* Begin PBXFrameworksBuildPhase section */
		6A246B3B2850B13200533E29 /* Frameworks */ = {
			isa = PBXFrameworksBuildPhase;
			buildActionMask = 2147483647;
			files = (
				E26ED63287D959F6CE41F9EF /* Pods_Pickup.framework in Frameworks */,
			);
			runOnlyForDeploymentPostprocessing = 0;
		};
/* End PBXFrameworksBuildPhase section */

/* Begin PBXGroup section */
		00682DF02C905FFF25AC178F /* Pods */ = {
			isa = PBXGroup;
			children = (
				3F3ABD18ECCDF62447C14CEC /* Pods-Pickup.debug.xcconfig */,
				8B444E40EA2B062D7F476FC7 /* Pods-Pickup.release.xcconfig */,
			);
			path = Pods;
			sourceTree = "<group>";
		};
		3C21D0BB66DCDE5667AA1CC2 /* Frameworks */ = {
			isa = PBXGroup;
			children = (
				D0026AE6ABB8C99A73B5E6FF /* Pods_Pickup.framework */,
			);
			name = Frameworks;
			sourceTree = "<group>";
		};
		6A246B352850B13200533E29 = {
			isa = PBXGroup;
			children = (
				6A246B402850B13200533E29 /* Pickup */,
				6A246B3F2850B13200533E29 /* Products */,
				00682DF02C905FFF25AC178F /* Pods */,
				3C21D0BB66DCDE5667AA1CC2 /* Frameworks */,
			);
			sourceTree = "<group>";
		};
		6A246B3F2850B13200533E29 /* Products */ = {
			isa = PBXGroup;
			children = (
				6A246B3E2850B13200533E29 /* Pickup.app */,
			);
			name = Products;
			sourceTree = "<group>";
		};
		6A246B402850B13200533E29 /* Pickup */ = {
			isa = PBXGroup;
			children = (
				6A246B412850B13200533E29 /* AppDelegate.swift */,
				6A246B432850B13200533E29 /* SceneDelegate.swift */,
				6A246B452850B13200533E29 /* ViewController.swift */,
				6A246B472850B13200533E29 /* Main.storyboard */,
				6A8904AE2852F336008BEBB9 /* SwiftUIView.swift */,
				6A8904B8285301AC008BEBB9 /* SecondView.swift */,
				6A8904B628530158008BEBB9 /* QrCodeScannerView.swift */,
				6A8904B0285300F3008BEBB9 /* ScannerViewModel.swift */,
				6A8904B228530114008BEBB9 /* QrCodeCameraDelegate.swift */,
				6AE4E199285207BE00D3CA4D /* DetailViewController.swift */,
				6A8904B42853012F008BEBB9 /* CameraPreview.swift */,
				6A246B4A2850B13A00533E29 /* Assets.xcassets */,
				6A246B4C2850B13A00533E29 /* LaunchScreen.storyboard */,
				6A246B4F2850B13A00533E29 /* Info.plist */,
			);
			path = Pickup;
			sourceTree = "<group>";
		};
/* End PBXGroup section */

/* Begin PBXNativeTarget section */
		6A246B3D2850B13200533E29 /* Pickup */ = {
			isa = PBXNativeTarget;
			buildConfigurationList = 6A246B522850B13A00533E29 /* Build configuration list for PBXNativeTarget "Pickup" */;
			buildPhases = (
				5379DAE964C60E7FB976066D /* [CP] Check Pods Manifest.lock */,
				6A246B3A2850B13200533E29 /* Sources */,
				6A246B3B2850B13200533E29 /* Frameworks */,
				6A246B3C2850B13200533E29 /* Resources */,
				5E23CE382C161696BAA48F12 /* [CP] Embed Pods Frameworks */,
			);
			buildRules = (
			);
			dependencies = (
			);
			name = Pickup;
			productName = Pickup;
			productReference = 6A246B3E2850B13200533E29 /* Pickup.app */;
			productType = "com.apple.product-type.application";
		};
/* End PBXNativeTarget section */

/* Begin PBXProject section */
		6A246B362850B13200533E29 /* Project object */ = {
			isa = PBXProject;
			attributes = {
				BuildIndependentTargetsInParallel = 1;
				LastSwiftUpdateCheck = 1340;
				LastUpgradeCheck = 1340;
				TargetAttributes = {
					6A246B3D2850B13200533E29 = {
						CreatedOnToolsVersion = 13.4.1;
					};
				};
			};
			buildConfigurationList = 6A246B392850B13200533E29 /* Build configuration list for PBXProject "Pickup" */;
			compatibilityVersion = "Xcode 13.0";
			developmentRegion = en;
			hasScannedForEncodings = 0;
			knownRegions = (
				en,
				Base,
			);
			mainGroup = 6A246B352850B13200533E29;
			productRefGroup = 6A246B3F2850B13200533E29 /* Products */;
			projectDirPath = "";
			projectRoot = "";
			targets = (
				6A246B3D2850B13200533E29 /* Pickup */,
			);
		};
/* End PBXProject section */

/* Begin PBXResourcesBuildPhase section */
		6A246B3C2850B13200533E29 /* Resources */ = {
			isa = PBXResourcesBuildPhase;
			buildActionMask = 2147483647;
			files = (
				6A246B4E2850B13A00533E29 /* LaunchScreen.storyboard in Resources */,
				6A246B4B2850B13A00533E29 /* Assets.xcassets in Resources */,
				6A246B492850B13200533E29 /* Main.storyboard in Resources */,
			);
			runOnlyForDeploymentPostprocessing = 0;
		};
/* End PBXResourcesBuildPhase section */

/* Begin PBXShellScriptBuildPhase section */
		5379DAE964C60E7FB976066D /* [CP] Check Pods Manifest.lock */ = {
			isa = PBXShellScriptBuildPhase;
			buildActionMask = 2147483647;
			files = (
			);
			inputFileListPaths = (
			);
			inputPaths = (
				"${PODS_PODFILE_DIR_PATH}/Podfile.lock",
				"${PODS_ROOT}/Manifest.lock",
			);
			name = "[CP] Check Pods Manifest.lock";
			outputFileListPaths = (
			);
			outputPaths = (
				"$(DERIVED_FILE_DIR)/Pods-Pickup-checkManifestLockResult.txt",
			);
			runOnlyForDeploymentPostprocessing = 0;
			shellPath = /bin/sh;
			shellScript = "diff \"${PODS_PODFILE_DIR_PATH}/Podfile.lock\" \"${PODS_ROOT}/Manifest.lock\" > /dev/null\nif [ $? != 0 ] ; then\n    # print error to STDERR\n    echo \"error: The sandbox is not in sync with the Podfile.lock. Run 'pod install' or update your CocoaPods installation.\" >&2\n    exit 1\nfi\n# This output is used by Xcode 'outputs' to avoid re-running this script phase.\necho \"SUCCESS\" > \"${SCRIPT_OUTPUT_FILE_0}\"\n";
			showEnvVarsInLog = 0;
		};
		5E23CE382C161696BAA48F12 /* [CP] Embed Pods Frameworks */ = {
			isa = PBXShellScriptBuildPhase;
			buildActionMask = 2147483647;
			files = (
			);
			inputFileListPaths = (
				"${PODS_ROOT}/Target Support Files/Pods-Pickup/Pods-Pickup-frameworks-${CONFIGURATION}-input-files.xcfilelist",
			);
			name = "[CP] Embed Pods Frameworks";
			outputFileListPaths = (
				"${PODS_ROOT}/Target Support Files/Pods-Pickup/Pods-Pickup-frameworks-${CONFIGURATION}-output-files.xcfilelist",
			);
			runOnlyForDeploymentPostprocessing = 0;
			shellPath = /bin/sh;
			shellScript = "\"${PODS_ROOT}/Target Support Files/Pods-Pickup/Pods-Pickup-frameworks.sh\"\n";
			showEnvVarsInLog = 0;
		};
/* End PBXShellScriptBuildPhase section */

/* Begin PBXSourcesBuildPhase section */
		6A246B3A2850B13200533E29 /* Sources */ = {
			isa = PBXSourcesBuildPhase;
			buildActionMask = 2147483647;
			files = (
				6A8904B728530158008BEBB9 /* QrCodeScannerView.swift in Sources */,
				6A246B462850B13200533E29 /* ViewController.swift in Sources */,
				6A8904B52853012F008BEBB9 /* CameraPreview.swift in Sources */,
				6A8904B1285300F3008BEBB9 /* ScannerViewModel.swift in Sources */,
				6A8904B328530114008BEBB9 /* QrCodeCameraDelegate.swift in Sources */,
				6A246B422850B13200533E29 /* AppDelegate.swift in Sources */,
				6A8904B9285301AC008BEBB9 /* SecondView.swift in Sources */,
				6A246B442850B13200533E29 /* SceneDelegate.swift in Sources */,
				6AE4E19A285207BE00D3CA4D /* DetailViewController.swift in Sources */,
				6A8904AF2852F336008BEBB9 /* SwiftUIView.swift in Sources */,
			);
			runOnlyForDeploymentPostprocessing = 0;
		};
/* End PBXSourcesBuildPhase section */

/* Begin PBXVariantGroup section */
		6A246B472850B13200533E29 /* Main.storyboard */ = {
			isa = PBXVariantGroup;
			children = (
				6A246B482850B13200533E29 /* Base */,
			);
			name = Main.storyboard;
			sourceTree = "<group>";
		};
		6A246B4C2850B13A00533E29 /* LaunchScreen.storyboard */ = {
			isa = PBXVariantGroup;
			children = (
				6A246B4D2850B13A00533E29 /* Base */,
			);
			name = LaunchScreen.storyboard;
			sourceTree = "<group>";
		};
/* End PBXVariantGroup section */

/* Begin XCBuildConfiguration section */
		6A246B502850B13A00533E29 /* Debug */ = {
			isa = XCBuildConfiguration;
			buildSettings = {
				ALWAYS_SEARCH_USER_PATHS = NO;
				CLANG_ANALYZER_NONNULL = YES;
				CLANG_ANALYZER_NUMBER_OBJECT_CONVERSION = YES_AGGRESSIVE;
				CLANG_CXX_LANGUAGE_STANDARD = "gnu++17";
				CLANG_ENABLE_MODULES = YES;
				CLANG_ENABLE_OBJC_ARC = YES;
				CLANG_ENABLE_OBJC_WEAK = YES;
				CLANG_WARN_BLOCK_CAPTURE_AUTORELEASING = YES;
				CLANG_WARN_BOOL_CONVERSION = YES;
				CLANG_WARN_COMMA = YES;
				CLANG_WARN_CONSTANT_CONVERSION = YES;
				CLANG_WARN_DEPRECATED_OBJC_IMPLEMENTATIONS = YES;
				CLANG_WARN_DIRECT_OBJC_ISA_USAGE = YES_ERROR;
				CLANG_WARN_DOCUMENTATION_COMMENTS = YES;
				CLANG_WARN_EMPTY_BODY = YES;
				CLANG_WARN_ENUM_CONVERSION = YES;
				CLANG_WARN_INFINITE_RECURSION = YES;
				CLANG_WARN_INT_CONVERSION = YES;
				CLANG_WARN_NON_LITERAL_NULL_CONVERSION = YES;
				CLANG_WARN_OBJC_IMPLICIT_RETAIN_SELF = YES;
				CLANG_WARN_OBJC_LITERAL_CONVERSION = YES;
				CLANG_WARN_OBJC_ROOT_CLASS = YES_ERROR;
				CLANG_WARN_QUOTED_INCLUDE_IN_FRAMEWORK_HEADER = YES;
				CLANG_WARN_RANGE_LOOP_ANALYSIS = YES;
				CLANG_WARN_STRICT_PROTOTYPES = YES;
				CLANG_WARN_SUSPICIOUS_MOVE = YES;
				CLANG_WARN_UNGUARDED_AVAILABILITY = YES_AGGRESSIVE;
				CLANG_WARN_UNREACHABLE_CODE = YES;
				CLANG_WARN__DUPLICATE_METHOD_MATCH = YES;
				COPY_PHASE_STRIP = NO;
				DEBUG_INFORMATION_FORMAT = dwarf;
				ENABLE_STRICT_OBJC_MSGSEND = YES;
				ENABLE_TESTABILITY = YES;
				GCC_C_LANGUAGE_STANDARD = gnu11;
				GCC_DYNAMIC_NO_PIC = NO;
				GCC_NO_COMMON_BLOCKS = YES;
				GCC_OPTIMIZATION_LEVEL = 0;
				GCC_PREPROCESSOR_DEFINITIONS = (
					"DEBUG=1",
					"$(inherited)",
				);
				GCC_WARN_64_TO_32_BIT_CONVERSION = YES;
				GCC_WARN_ABOUT_RETURN_TYPE = YES_ERROR;
				GCC_WARN_UNDECLARED_SELECTOR = YES;
				GCC_WARN_UNINITIALIZED_AUTOS = YES_AGGRESSIVE;
				GCC_WARN_UNUSED_FUNCTION = YES;
				GCC_WARN_UNUSED_VARIABLE = YES;
				IPHONEOS_DEPLOYMENT_TARGET = 15.5;
				MTL_ENABLE_DEBUG_INFO = INCLUDE_SOURCE;
				MTL_FAST_MATH = YES;
				ONLY_ACTIVE_ARCH = YES;
				SDKROOT = iphoneos;
				SWIFT_ACTIVE_COMPILATION_CONDITIONS = DEBUG;
				SWIFT_OPTIMIZATION_LEVEL = "-Onone";
			};
			name = Debug;
		};
		6A246B512850B13A00533E29 /* Release */ = {
			isa = XCBuildConfiguration;
			buildSettings = {
				ALWAYS_SEARCH_USER_PATHS = NO;
				CLANG_ANALYZER_NONNULL = YES;
				CLANG_ANALYZER_NUMBER_OBJECT_CONVERSION = YES_AGGRESSIVE;
				CLANG_CXX_LANGUAGE_STANDARD = "gnu++17";
				CLANG_ENABLE_MODULES = YES;
				CLANG_ENABLE_OBJC_ARC = YES;
				CLANG_ENABLE_OBJC_WEAK = YES;
				CLANG_WARN_BLOCK_CAPTURE_AUTORELEASING = YES;
				CLANG_WARN_BOOL_CONVERSION = YES;
				CLANG_WARN_COMMA = YES;
				CLANG_WARN_CONSTANT_CONVERSION = YES;
				CLANG_WARN_DEPRECATED_OBJC_IMPLEMENTATIONS = YES;
				CLANG_WARN_DIRECT_OBJC_ISA_USAGE = YES_ERROR;
				CLANG_WARN_DOCUMENTATION_COMMENTS = YES;
				CLANG_WARN_EMPTY_BODY = YES;
				CLANG_WARN_ENUM_CONVERSION = YES;
				CLANG_WARN_INFINITE_RECURSION = YES;
				CLANG_WARN_INT_CONVERSION = YES;
				CLANG_WARN_NON_LITERAL_NULL_CONVERSION = YES;
				CLANG_WARN_OBJC_IMPLICIT_RETAIN_SELF = YES;
				CLANG_WARN_OBJC_LITERAL_CONVERSION = YES;
				CLANG_WARN_OBJC_ROOT_CLASS = YES_ERROR;
				CLANG_WARN_QUOTED_INCLUDE_IN_FRAMEWORK_HEADER = YES;
				CLANG_WARN_RANGE_LOOP_ANALYSIS = YES;
				CLANG_WARN_STRICT_PROTOTYPES = YES;
				CLANG_WARN_SUSPICIOUS_MOVE = YES;
				CLANG_WARN_UNGUARDED_AVAILABILITY = YES_AGGRESSIVE;
				CLANG_WARN_UNREACHABLE_CODE = YES;
				CLANG_WARN__DUPLICATE_METHOD_MATCH = YES;
				COPY_PHASE_STRIP = NO;
				DEBUG_INFORMATION_FORMAT = "dwarf-with-dsym";
				ENABLE_NS_ASSERTIONS = NO;
				ENABLE_STRICT_OBJC_MSGSEND = YES;
				GCC_C_LANGUAGE_STANDARD = gnu11;
				GCC_NO_COMMON_BLOCKS = YES;
				GCC_WARN_64_TO_32_BIT_CONVERSION = YES;
				GCC_WARN_ABOUT_RETURN_TYPE = YES_ERROR;
				GCC_WARN_UNDECLARED_SELECTOR = YES;
				GCC_WARN_UNINITIALIZED_AUTOS = YES_AGGRESSIVE;
				GCC_WARN_UNUSED_FUNCTION = YES;
				GCC_WARN_UNUSED_VARIABLE = YES;
				IPHONEOS_DEPLOYMENT_TARGET = 15.5;
				MTL_ENABLE_DEBUG_INFO = NO;
				MTL_FAST_MATH = YES;
				SDKROOT = iphoneos;
				SWIFT_COMPILATION_MODE = wholemodule;
				SWIFT_OPTIMIZATION_LEVEL = "-O";
				VALIDATE_PRODUCT = YES;
			};
			name = Release;
		};
		6A246B532850B13A00533E29 /* Debug */ = {
			isa = XCBuildConfiguration;
			baseConfigurationReference = 3F3ABD18ECCDF62447C14CEC /* Pods-Pickup.debug.xcconfig */;
			buildSettings = {
				ASSETCATALOG_COMPILER_APPICON_NAME = AppIcon;
				ASSETCATALOG_COMPILER_GLOBAL_ACCENT_COLOR_NAME = AccentColor;
				CODE_SIGN_STYLE = Automatic;
				CURRENT_PROJECT_VERSION = 1;
				GENERATE_INFOPLIST_FILE = YES;
				INFOPLIST_FILE = Pickup/Info.plist;
				INFOPLIST_KEY_UIApplicationSupportsIndirectInputEvents = YES;
				INFOPLIST_KEY_UILaunchStoryboardName = LaunchScreen;
				INFOPLIST_KEY_UIMainStoryboardFile = Main;
				INFOPLIST_KEY_UISupportedInterfaceOrientations_iPad = "UIInterfaceOrientationPortrait UIInterfaceOrientationPortraitUpsideDown UIInterfaceOrientationLandscapeLeft UIInterfaceOrientationLandscapeRight";
				INFOPLIST_KEY_UISupportedInterfaceOrientations_iPhone = "UIInterfaceOrientationPortrait UIInterfaceOrientationLandscapeLeft UIInterfaceOrientationLandscapeRight";
				LD_RUNPATH_SEARCH_PATHS = (
					"$(inherited)",
					"@executable_path/Frameworks",
				);
				MARKETING_VERSION = 1.0;
				PRODUCT_BUNDLE_IDENTIFIER = hizaoni.Pickup;
				PRODUCT_NAME = "$(TARGET_NAME)";
				SWIFT_EMIT_LOC_STRINGS = YES;
				SWIFT_VERSION = 5.0;
				TARGETED_DEVICE_FAMILY = "1,2";
			};
			name = Debug;
		};
		6A246B542850B13A00533E29 /* Release */ = {
			isa = XCBuildConfiguration;
			baseConfigurationReference = 8B444E40EA2B062D7F476FC7 /* Pods-Pickup.release.xcconfig */;
			buildSettings = {
				ASSETCATALOG_COMPILER_APPICON_NAME = AppIcon;
				ASSETCATALOG_COMPILER_GLOBAL_ACCENT_COLOR_NAME = AccentColor;
				CODE_SIGN_STYLE = Automatic;
				CURRENT_PROJECT_VERSION = 1;
				GENERATE_INFOPLIST_FILE = YES;
				INFOPLIST_FILE = Pickup/Info.plist;
				INFOPLIST_KEY_UIApplicationSupportsIndirectInputEvents = YES;
				INFOPLIST_KEY_UILaunchStoryboardName = LaunchScreen;
				INFOPLIST_KEY_UIMainStoryboardFile = Main;
				INFOPLIST_KEY_UISupportedInterfaceOrientations_iPad = "UIInterfaceOrientationPortrait UIInterfaceOrientationPortraitUpsideDown UIInterfaceOrientationLandscapeLeft UIInterfaceOrientationLandscapeRight";
				INFOPLIST_KEY_UISupportedInterfaceOrientations_iPhone = "UIInterfaceOrientationPortrait UIInterfaceOrientationLandscapeLeft UIInterfaceOrientationLandscapeRight";
				LD_RUNPATH_SEARCH_PATHS = (
					"$(inherited)",
					"@executable_path/Frameworks",
				);
				MARKETING_VERSION = 1.0;
				PRODUCT_BUNDLE_IDENTIFIER = hizaoni.Pickup;
				PRODUCT_NAME = "$(TARGET_NAME)";
				SWIFT_EMIT_LOC_STRINGS = YES;
				SWIFT_VERSION = 5.0;
				TARGETED_DEVICE_FAMILY = "1,2";
			};
			name = Release;
		};
/* End XCBuildConfiguration section */

/* Begin XCConfigurationList section */
		6A246B392850B13200533E29 /* Build configuration list for PBXProject "Pickup" */ = {
			isa = XCConfigurationList;
			buildConfigurations = (
				6A246B502850B13A00533E29 /* Debug */,
				6A246B512850B13A00533E29 /* Release */,
			);
			defaultConfigurationIsVisible = 0;
			defaultConfigurationName = Release;
		};
		6A246B522850B13A00533E29 /* Build configuration list for PBXNativeTarget "Pickup" */ = {
			isa = XCConfigurationList;
			buildConfigurations = (
				6A246B532850B13A00533E29 /* Debug */,
				6A246B542850B13A00533E29 /* Release */,
			);
			defaultConfigurationIsVisible = 0;
			defaultConfigurationName = Release;
		};
/* End XCConfigurationList section */
	};
	rootObject = 6A246B362850B13200533E29 /* Project object */;
}
